// !$*UTF8*$!
{
  archiveVersion = 1;
  classes = {};
  objectVersion = 56;
  objects = {
    /* Begin PBXProject section */
    1D1B8A2D2B1E4B5800000001 /* Project object */ = {
      isa = PBXProject;
      attributes = {
        LastUpgradeCheck = 1640;
        ORGANIZATIONNAME = "";
        TargetAttributes = {
          1D1B8A3A2B1E4B5800000001 = {
            CreatedOnToolsVersion = 16.0;
          };
        };
      };
      buildConfigurationList = 1D1B8A302B1E4B5800000001 /* Build configuration list for PBXProject "AttendanceDebt" */;
      compatibilityVersion = "Xcode 14.0";
      developmentRegion = en;
      hasScannedForEncodings = 0;
      knownRegions = (en, Base,);
      mainGroup = 1D1B8A2C2B1E4B5800000001;
      productRefGroup = 1D1B8A372B1E4B5800000001 /* Products */;
      projectDirPath = "";
      projectRoot = "";
      targets = (1D1B8A3A2B1E4B5800000001 /* AttendanceDebt */);
    };
    /* End PBXProject section */

    /* Begin PBXGroup section */
    1D1B8A2C2B1E4B5800000001 = {
      isa = PBXGroup;
      children = (
        1D1B8A382B1E4B5800000001 /* AttendanceDebt */,
        1D1B8A372B1E4B5800000001 /* Products */,
      );
      sourceTree = "<group>";
    };
    1D1B8A372B1E4B5800000001 = {
      isa = PBXGroup;
      children = (
        1D1B8A3B2B1E4B5800000001 /* AttendanceDebt.app */,
      );
      name = Products;
      sourceTree = "<group>";
    };
    1D1B8A382B1E4B5800000001 /* AttendanceDebt */ = {
      isa = PBXGroup;
      children = (
        1D1B8A392B1E4B5800000001 /* AttendanceDebtApp.swift */,
        1D1B8A3C2B1E4B5800000001 /* ContentView.swift */,
        1D1B8A3D2B1E4B5800000001 /* Info.plist */,
      );
      path = AttendanceDebt;
      sourceTree = "<group>";
    };
    /* End PBXGroup section */

    /* Begin PBXNativeTarget section */
    1D1B8A3A2B1E4B5800000001 /* AttendanceDebt */ = {
      isa = PBXNativeTarget;
      buildConfigurationList = 1D1B8A3E2B1E4B5800000001 /* Build configuration list for PBXNativeTarget "AttendanceDebt" */;
      buildPhases = (
        1D1B8A3F2B1E4B5800000001 /* Sources */,
      );
      buildRules = ();
      dependencies = ();
      name = AttendanceDebt;
      productName = AttendanceDebt;
      productReference = 1D1B8A3B2B1E4B5800000001 /* AttendanceDebt.app */;
      productType = "com.apple.product-type.application";
    };
    /* End PBXNativeTarget section */

    /* Begin PBXFileReference section */
    1D1B8A3B2B1E4B5800000001 /* AttendanceDebt.app */ = {isa = PBXFileReference; explicitFileType = wrapper.application; includeInIndex = 0; path = AttendanceDebt.app; sourceTree = BUILT_PRODUCTS_DIR; };
    1D1B8A392B1E4B5800000001 /* AttendanceDebtApp.swift */ = {isa = PBXFileReference; lastKnownFileType = sourcecode.swift; path = AttendanceDebtApp.swift; sourceTree = "<group>"; };
    1D1B8A3C2B1E4B5800000001 /* ContentView.swift */ = {isa = PBXFileReference; lastKnownFileType = sourcecode.swift; path = ContentView.swift; sourceTree = "<group>"; };
    1D1B8A3D2B1E4B5800000001 /* Info.plist */ = {isa = PBXFileReference; lastKnownFileType = text.plist.xml; path = Info.plist; sourceTree = "<group>"; };
    /* End PBXFileReference section */

    /* Begin PBXSourcesBuildPhase section */
    1D1B8A3F2B1E4B5800000001 /* Sources */ = {
      isa = PBXSourcesBuildPhase;
      files = (
      );
      runOnlyForDeploymentPostprocessing = 0;
    };
    /* End PBXSourcesBuildPhase section */
  };
  rootObject = 1D1B8A2D2B1E4B5800000001 /* Project object */;
}
